// !$*UTF8*$!
{
	archiveVersion = 1;
	classes = {
	};
	objectVersion = 46;
	objects = {

/* Begin PBXBuildFile section */
		69225F1E1ED28DCE004AD51F /* PhotoCollectionViewCell.m in Sources */ = {isa = PBXBuildFile; fileRef = 69225F1D1ED28DCE004AD51F /* PhotoCollectionViewCell.m */; };
		69225F211ED28EC3004AD51F /* AddButtonCollectionViewCell.m in Sources */ = {isa = PBXBuildFile; fileRef = 69225F201ED28EC3004AD51F /* AddButtonCollectionViewCell.m */; };
		694C092E1ECEC0DA0091B601 /* ButtonsCollectionViewLayout.m in Sources */ = {isa = PBXBuildFile; fileRef = 694C092D1ECEC0DA0091B601 /* ButtonsCollectionViewLayout.m */; };
		69BB0B1C1ECA91470092A5AB /* main.m in Sources */ = {isa = PBXBuildFile; fileRef = 69BB0B1B1ECA91470092A5AB /* main.m */; };
		69BB0B1F1ECA91470092A5AB /* AppDelegate.m in Sources */ = {isa = PBXBuildFile; fileRef = 69BB0B1E1ECA91470092A5AB /* AppDelegate.m */; };
		69BB0B221ECA91470092A5AB /* ViewController.m in Sources */ = {isa = PBXBuildFile; fileRef = 69BB0B211ECA91470092A5AB /* ViewController.m */; };
		69BB0B251ECA91480092A5AB /* Main.storyboard in Resources */ = {isa = PBXBuildFile; fileRef = 69BB0B231ECA91480092A5AB /* Main.storyboard */; };
		69BB0B2A1ECA91480092A5AB /* LaunchScreen.storyboard in Resources */ = {isa = PBXBuildFile; fileRef = 69BB0B281ECA91480092A5AB /* LaunchScreen.storyboard */; };
		69BB0B351ECA91480092A5AB /* MobileVSPTests.m in Sources */ = {isa = PBXBuildFile; fileRef = 69BB0B341ECA91480092A5AB /* MobileVSPTests.m */; };
		69BB0B401ECA91480092A5AB /* MobileVSPUITests.m in Sources */ = {isa = PBXBuildFile; fileRef = 69BB0B3F1ECA91480092A5AB /* MobileVSPUITests.m */; };
		69BB0B4F1ECA93F40092A5AB /* SearchViewController.m in Sources */ = {isa = PBXBuildFile; fileRef = 69BB0B4E1ECA93F40092A5AB /* SearchViewController.m */; };
		69BB0B521ECAA1A10092A5AB /* SearchTableViewCell.m in Sources */ = {isa = PBXBuildFile; fileRef = 69BB0B511ECAA1A10092A5AB /* SearchTableViewCell.m */; };
		69BB0B551ECAD6B50092A5AB /* InfoTableViewCell.m in Sources */ = {isa = PBXBuildFile; fileRef = 69BB0B541ECAD6B50092A5AB /* InfoTableViewCell.m */; };
		69BB0B5B1ECB2CCA0092A5AB /* SearchView.m in Sources */ = {isa = PBXBuildFile; fileRef = 69BB0B5A1ECB2CCA0092A5AB /* SearchView.m */; };
		69BB0B5F1ECBEE210092A5AB /* ApplyButton.m in Sources */ = {isa = PBXBuildFile; fileRef = 69BB0B5E1ECBEE210092A5AB /* ApplyButton.m */; };
		69BB0B691ECC1F6F0092A5AB /* AftersalesApplyViewController.m in Sources */ = {isa = PBXBuildFile; fileRef = 69BB0B681ECC1F6F0092A5AB /* AftersalesApplyViewController.m */; };
		69BB0B6C1ECC1FCE0092A5AB /* ServiceTypeTableViewCell.m in Sources */ = {isa = PBXBuildFile; fileRef = 69BB0B6B1ECC1FCE0092A5AB /* ServiceTypeTableViewCell.m */; };
		69BB0B721ECC727D0092A5AB /* ProgressQueryViewController.m in Sources */ = {isa = PBXBuildFile; fileRef = 69BB0B711ECC727D0092A5AB /* ProgressQueryViewController.m */; };
		69BB0B761ECC79850092A5AB /* StateButtonsTableViewCell.m in Sources */ = {isa = PBXBuildFile; fileRef = 69BB0B751ECC79850092A5AB /* StateButtonsTableViewCell.m */; };
		69BB0B791ECC7AB50092A5AB /* OrderIdTableViewCell.m in Sources */ = {isa = PBXBuildFile; fileRef = 69BB0B781ECC7AB50092A5AB /* OrderIdTableViewCell.m */; };
		69BB0B7C1ECC7AD50092A5AB /* OrderStateTableViewCell.m in Sources */ = {isa = PBXBuildFile; fileRef = 69BB0B7B1ECC7AD50092A5AB /* OrderStateTableViewCell.m */; };
		69BB0B7F1ECC7AF40092A5AB /* ProductInfoTableViewCell.m in Sources */ = {isa = PBXBuildFile; fileRef = 69BB0B7E1ECC7AF40092A5AB /* ProductInfoTableViewCell.m */; };
		69BB0B821ECD89D10092A5AB /* ButtonsCollectionViewCell.m in Sources */ = {isa = PBXBuildFile; fileRef = 69BB0B811ECD89D10092A5AB /* ButtonsCollectionViewCell.m */; };
		69BDBEE21ED3C67B001EDB87 /* PhotoPickerCollectionView.m in Sources */ = {isa = PBXBuildFile; fileRef = 69BDBEE11ED3C67B001EDB87 /* PhotoPickerCollectionView.m */; };
		69BDBEEB1ED3D018001EDB87 /* PhotoPickerTableViewCell.m in Sources */ = {isa = PBXBuildFile; fileRef = 69BDBEEA1ED3D018001EDB87 /* PhotoPickerTableViewCell.m */; };
		69BDBEF11ED52FB9001EDB87 /* RefundDetailTableViewController.m in Sources */ = {isa = PBXBuildFile; fileRef = 69BDBEF01ED52FB9001EDB87 /* RefundDetailTableViewController.m */; };
		69BDBEF41ED54B08001EDB87 /* AftersalesProgressTableViewController.m in Sources */ = {isa = PBXBuildFile; fileRef = 69BDBEF31ED54B08001EDB87 /* AftersalesProgressTableViewController.m */; };
		69BDBEF91ED55FA9001EDB87 /* AftersalesProgressOrderStateTableViewCell.m in Sources */ = {isa = PBXBuildFile; fileRef = 69BDBEF81ED55FA9001EDB87 /* AftersalesProgressOrderStateTableViewCell.m */; };
		69BDBEFC1ED56A19001EDB87 /* WriteShipOrderViewController.m in Sources */ = {isa = PBXBuildFile; fileRef = 69BDBEFB1ED56A19001EDB87 /* WriteShipOrderViewController.m */; };
		69BDBF001ED56B8A001EDB87 /* WriteShipOrderTableViewCell.m in Sources */ = {isa = PBXBuildFile; fileRef = 69BDBEFF1ED56B8A001EDB87 /* WriteShipOrderTableViewCell.m */; };
		69BDBF031ED5729C001EDB87 /* DeliveryCompanyPickerViewController.m in Sources */ = {isa = PBXBuildFile; fileRef = 69BDBF021ED5729C001EDB87 /* DeliveryCompanyPickerViewController.m */; };
		69BDBF0B1ED5808D001EDB87 /* DeliveryCompanyPickerCollectionViewCell.m in Sources */ = {isa = PBXBuildFile; fileRef = 69BDBF0A1ED5808D001EDB87 /* DeliveryCompanyPickerCollectionViewCell.m */; };
		69BDBF0E1ED67EC4001EDB87 /* UICollectionView+IndexPathInTableView.m in Sources */ = {isa = PBXBuildFile; fileRef = 69BDBF0D1ED67EC4001EDB87 /* UICollectionView+IndexPathInTableView.m */; };
		69BDBF151ED6AA2F001EDB87 /* HubView.m in Sources */ = {isa = PBXBuildFile; fileRef = 69BDBF141ED6AA2F001EDB87 /* HubView.m */; };
		69BDBF1A1ED6C508001EDB87 /* Assets.xcassets in Resources */ = {isa = PBXBuildFile; fileRef = 69BDBF181ED6C508001EDB87 /* Assets.xcassets */; };
		69BDBF201ED6CBEE001EDB87 /* OrderDetailTableViewController.m in Sources */ = {isa = PBXBuildFile; fileRef = 69BDBF1F1ED6CBEE001EDB87 /* OrderDetailTableViewController.m */; };
		69F652811ED809D2009F02D2 /* SegmentView.m in Sources */ = {isa = PBXBuildFile; fileRef = 69F652801ED809D2009F02D2 /* SegmentView.m */; };
/* End PBXBuildFile section */

/* Begin PBXContainerItemProxy section */
		69BB0B311ECA91480092A5AB /* PBXContainerItemProxy */ = {
			isa = PBXContainerItemProxy;
			containerPortal = 69BB0B0F1ECA91470092A5AB /* Project object */;
			proxyType = 1;
			remoteGlobalIDString = 69BB0B161ECA91470092A5AB;
			remoteInfo = MobileVSP;
		};
		69BB0B3C1ECA91480092A5AB /* PBXContainerItemProxy */ = {
			isa = PBXContainerItemProxy;
			containerPortal = 69BB0B0F1ECA91470092A5AB /* Project object */;
			proxyType = 1;
			remoteGlobalIDString = 69BB0B161ECA91470092A5AB;
			remoteInfo = MobileVSP;
		};
/* End PBXContainerItemProxy section */

/* Begin PBXFileReference section */
		69225F1C1ED28DCE004AD51F /* PhotoCollectionViewCell.h */ = {isa = PBXFileReference; fileEncoding = 4; lastKnownFileType = sourcecode.c.h; path = PhotoCollectionViewCell.h; sourceTree = "<group>"; };
		69225F1D1ED28DCE004AD51F /* PhotoCollectionViewCell.m */ = {isa = PBXFileReference; fileEncoding = 4; lastKnownFileType = sourcecode.c.objc; path = PhotoCollectionViewCell.m; sourceTree = "<group>"; };
		69225F1F1ED28EC3004AD51F /* AddButtonCollectionViewCell.h */ = {isa = PBXFileReference; fileEncoding = 4; lastKnownFileType = sourcecode.c.h; path = AddButtonCollectionViewCell.h; sourceTree = "<group>"; };
		69225F201ED28EC3004AD51F /* AddButtonCollectionViewCell.m */ = {isa = PBXFileReference; fileEncoding = 4; lastKnownFileType = sourcecode.c.objc; path = AddButtonCollectionViewCell.m; sourceTree = "<group>"; };
		694C092C1ECEC0DA0091B601 /* ButtonsCollectionViewLayout.h */ = {isa = PBXFileReference; fileEncoding = 4; lastKnownFileType = sourcecode.c.h; path = ButtonsCollectionViewLayout.h; sourceTree = "<group>"; };
		694C092D1ECEC0DA0091B601 /* ButtonsCollectionViewLayout.m */ = {isa = PBXFileReference; fileEncoding = 4; lastKnownFileType = sourcecode.c.objc; path = ButtonsCollectionViewLayout.m; sourceTree = "<group>"; };
		69BB0B171ECA91470092A5AB /* MobileVSP.app */ = {isa = PBXFileReference; explicitFileType = wrapper.application; includeInIndex = 0; path = MobileVSP.app; sourceTree = BUILT_PRODUCTS_DIR; };
		69BB0B1B1ECA91470092A5AB /* main.m */ = {isa = PBXFileReference; lastKnownFileType = sourcecode.c.objc; path = main.m; sourceTree = "<group>"; };
		69BB0B1D1ECA91470092A5AB /* AppDelegate.h */ = {isa = PBXFileReference; lastKnownFileType = sourcecode.c.h; path = AppDelegate.h; sourceTree = "<group>"; };
		69BB0B1E1ECA91470092A5AB /* AppDelegate.m */ = {isa = PBXFileReference; lastKnownFileType = sourcecode.c.objc; path = AppDelegate.m; sourceTree = "<group>"; };
		69BB0B201ECA91470092A5AB /* ViewController.h */ = {isa = PBXFileReference; lastKnownFileType = sourcecode.c.h; path = ViewController.h; sourceTree = "<group>"; };
		69BB0B211ECA91470092A5AB /* ViewController.m */ = {isa = PBXFileReference; lastKnownFileType = sourcecode.c.objc; path = ViewController.m; sourceTree = "<group>"; };
		69BB0B241ECA91480092A5AB /* Base */ = {isa = PBXFileReference; lastKnownFileType = file.storyboard; name = Base; path = Base.lproj/Main.storyboard; sourceTree = "<group>"; };
		69BB0B291ECA91480092A5AB /* Base */ = {isa = PBXFileReference; lastKnownFileType = file.storyboard; name = Base; path = Base.lproj/LaunchScreen.storyboard; sourceTree = "<group>"; };
		69BB0B2B1ECA91480092A5AB /* Info.plist */ = {isa = PBXFileReference; lastKnownFileType = text.plist.xml; path = Info.plist; sourceTree = "<group>"; };
		69BB0B301ECA91480092A5AB /* MobileVSPTests.xctest */ = {isa = PBXFileReference; explicitFileType = wrapper.cfbundle; includeInIndex = 0; path = MobileVSPTests.xctest; sourceTree = BUILT_PRODUCTS_DIR; };
		69BB0B341ECA91480092A5AB /* MobileVSPTests.m */ = {isa = PBXFileReference; lastKnownFileType = sourcecode.c.objc; path = MobileVSPTests.m; sourceTree = "<group>"; };
		69BB0B361ECA91480092A5AB /* Info.plist */ = {isa = PBXFileReference; lastKnownFileType = text.plist.xml; path = Info.plist; sourceTree = "<group>"; };
		69BB0B3B1ECA91480092A5AB /* MobileVSPUITests.xctest */ = {isa = PBXFileReference; explicitFileType = wrapper.cfbundle; includeInIndex = 0; path = MobileVSPUITests.xctest; sourceTree = BUILT_PRODUCTS_DIR; };
		69BB0B3F1ECA91480092A5AB /* MobileVSPUITests.m */ = {isa = PBXFileReference; lastKnownFileType = sourcecode.c.objc; path = MobileVSPUITests.m; sourceTree = "<group>"; };
		69BB0B411ECA91480092A5AB /* Info.plist */ = {isa = PBXFileReference; lastKnownFileType = text.plist.xml; path = Info.plist; sourceTree = "<group>"; };
		69BB0B4D1ECA93F40092A5AB /* SearchViewController.h */ = {isa = PBXFileReference; fileEncoding = 4; lastKnownFileType = sourcecode.c.h; path = SearchViewController.h; sourceTree = "<group>"; };
		69BB0B4E1ECA93F40092A5AB /* SearchViewController.m */ = {isa = PBXFileReference; fileEncoding = 4; lastKnownFileType = sourcecode.c.objc; path = SearchViewController.m; sourceTree = "<group>"; };
		69BB0B501ECAA1A10092A5AB /* SearchTableViewCell.h */ = {isa = PBXFileReference; fileEncoding = 4; lastKnownFileType = sourcecode.c.h; path = SearchTableViewCell.h; sourceTree = "<group>"; };
		69BB0B511ECAA1A10092A5AB /* SearchTableViewCell.m */ = {isa = PBXFileReference; fileEncoding = 4; lastKnownFileType = sourcecode.c.objc; path = SearchTableViewCell.m; sourceTree = "<group>"; };
		69BB0B531ECAD6B50092A5AB /* InfoTableViewCell.h */ = {isa = PBXFileReference; fileEncoding = 4; lastKnownFileType = sourcecode.c.h; path = InfoTableViewCell.h; sourceTree = "<group>"; };
		69BB0B541ECAD6B50092A5AB /* InfoTableViewCell.m */ = {isa = PBXFileReference; fileEncoding = 4; lastKnownFileType = sourcecode.c.objc; path = InfoTableViewCell.m; sourceTree = "<group>"; };
		69BB0B591ECB2CCA0092A5AB /* SearchView.h */ = {isa = PBXFileReference; fileEncoding = 4; lastKnownFileType = sourcecode.c.h; path = SearchView.h; sourceTree = "<group>"; };
		69BB0B5A1ECB2CCA0092A5AB /* SearchView.m */ = {isa = PBXFileReference; fileEncoding = 4; lastKnownFileType = sourcecode.c.objc; path = SearchView.m; sourceTree = "<group>"; };
		69BB0B5D1ECBEE210092A5AB /* ApplyButton.h */ = {isa = PBXFileReference; fileEncoding = 4; lastKnownFileType = sourcecode.c.h; path = ApplyButton.h; sourceTree = "<group>"; };
		69BB0B5E1ECBEE210092A5AB /* ApplyButton.m */ = {isa = PBXFileReference; fileEncoding = 4; lastKnownFileType = sourcecode.c.objc; path = ApplyButton.m; sourceTree = "<group>"; };
		69BB0B671ECC1F6F0092A5AB /* AftersalesApplyViewController.h */ = {isa = PBXFileReference; fileEncoding = 4; lastKnownFileType = sourcecode.c.h; path = AftersalesApplyViewController.h; sourceTree = "<group>"; };
		69BB0B681ECC1F6F0092A5AB /* AftersalesApplyViewController.m */ = {isa = PBXFileReference; fileEncoding = 4; lastKnownFileType = sourcecode.c.objc; path = AftersalesApplyViewController.m; sourceTree = "<group>"; };
		69BB0B6A1ECC1FCE0092A5AB /* ServiceTypeTableViewCell.h */ = {isa = PBXFileReference; fileEncoding = 4; lastKnownFileType = sourcecode.c.h; path = ServiceTypeTableViewCell.h; sourceTree = "<group>"; };
		69BB0B6B1ECC1FCE0092A5AB /* ServiceTypeTableViewCell.m */ = {isa = PBXFileReference; fileEncoding = 4; lastKnownFileType = sourcecode.c.objc; path = ServiceTypeTableViewCell.m; sourceTree = "<group>"; };
		69BB0B701ECC727D0092A5AB /* ProgressQueryViewController.h */ = {isa = PBXFileReference; fileEncoding = 4; lastKnownFileType = sourcecode.c.h; path = ProgressQueryViewController.h; sourceTree = "<group>"; };
		69BB0B711ECC727D0092A5AB /* ProgressQueryViewController.m */ = {isa = PBXFileReference; fileEncoding = 4; lastKnownFileType = sourcecode.c.objc; path = ProgressQueryViewController.m; sourceTree = "<group>"; };
		69BB0B741ECC79850092A5AB /* StateButtonsTableViewCell.h */ = {isa = PBXFileReference; fileEncoding = 4; lastKnownFileType = sourcecode.c.h; path = StateButtonsTableViewCell.h; sourceTree = "<group>"; };
		69BB0B751ECC79850092A5AB /* StateButtonsTableViewCell.m */ = {isa = PBXFileReference; fileEncoding = 4; lastKnownFileType = sourcecode.c.objc; path = StateButtonsTableViewCell.m; sourceTree = "<group>"; };
		69BB0B771ECC7AB50092A5AB /* OrderIdTableViewCell.h */ = {isa = PBXFileReference; fileEncoding = 4; lastKnownFileType = sourcecode.c.h; path = OrderIdTableViewCell.h; sourceTree = "<group>"; };
		69BB0B781ECC7AB50092A5AB /* OrderIdTableViewCell.m */ = {isa = PBXFileReference; fileEncoding = 4; lastKnownFileType = sourcecode.c.objc; path = OrderIdTableViewCell.m; sourceTree = "<group>"; };
		69BB0B7A1ECC7AD50092A5AB /* OrderStateTableViewCell.h */ = {isa = PBXFileReference; fileEncoding = 4; lastKnownFileType = sourcecode.c.h; path = OrderStateTableViewCell.h; sourceTree = "<group>"; };
		69BB0B7B1ECC7AD50092A5AB /* OrderStateTableViewCell.m */ = {isa = PBXFileReference; fileEncoding = 4; lastKnownFileType = sourcecode.c.objc; path = OrderStateTableViewCell.m; sourceTree = "<group>"; };
		69BB0B7D1ECC7AF40092A5AB /* ProductInfoTableViewCell.h */ = {isa = PBXFileReference; fileEncoding = 4; lastKnownFileType = sourcecode.c.h; path = ProductInfoTableViewCell.h; sourceTree = "<group>"; };
		69BB0B7E1ECC7AF40092A5AB /* ProductInfoTableViewCell.m */ = {isa = PBXFileReference; fileEncoding = 4; lastKnownFileType = sourcecode.c.objc; path = ProductInfoTableViewCell.m; sourceTree = "<group>"; };
		69BB0B801ECD89D10092A5AB /* ButtonsCollectionViewCell.h */ = {isa = PBXFileReference; fileEncoding = 4; lastKnownFileType = sourcecode.c.h; path = ButtonsCollectionViewCell.h; sourceTree = "<group>"; };
		69BB0B811ECD89D10092A5AB /* ButtonsCollectionViewCell.m */ = {isa = PBXFileReference; fileEncoding = 4; lastKnownFileType = sourcecode.c.objc; path = ButtonsCollectionViewCell.m; sourceTree = "<group>"; };
		69BDBEE01ED3C67B001EDB87 /* PhotoPickerCollectionView.h */ = {isa = PBXFileReference; fileEncoding = 4; lastKnownFileType = sourcecode.c.h; path = PhotoPickerCollectionView.h; sourceTree = "<group>"; };
		69BDBEE11ED3C67B001EDB87 /* PhotoPickerCollectionView.m */ = {isa = PBXFileReference; fileEncoding = 4; lastKnownFileType = sourcecode.c.objc; path = PhotoPickerCollectionView.m; sourceTree = "<group>"; };
		69BDBEE91ED3D018001EDB87 /* PhotoPickerTableViewCell.h */ = {isa = PBXFileReference; fileEncoding = 4; lastKnownFileType = sourcecode.c.h; path = PhotoPickerTableViewCell.h; sourceTree = "<group>"; };
		69BDBEEA1ED3D018001EDB87 /* PhotoPickerTableViewCell.m */ = {isa = PBXFileReference; fileEncoding = 4; lastKnownFileType = sourcecode.c.objc; path = PhotoPickerTableViewCell.m; sourceTree = "<group>"; };
		69BDBEEF1ED52FB9001EDB87 /* RefundDetailTableViewController.h */ = {isa = PBXFileReference; fileEncoding = 4; lastKnownFileType = sourcecode.c.h; path = RefundDetailTableViewController.h; sourceTree = "<group>"; };
		69BDBEF01ED52FB9001EDB87 /* RefundDetailTableViewController.m */ = {isa = PBXFileReference; fileEncoding = 4; lastKnownFileType = sourcecode.c.objc; path = RefundDetailTableViewController.m; sourceTree = "<group>"; };
		69BDBEF21ED54B08001EDB87 /* AftersalesProgressTableViewController.h */ = {isa = PBXFileReference; fileEncoding = 4; lastKnownFileType = sourcecode.c.h; path = AftersalesProgressTableViewController.h; sourceTree = "<group>"; };
		69BDBEF31ED54B08001EDB87 /* AftersalesProgressTableViewController.m */ = {isa = PBXFileReference; fileEncoding = 4; lastKnownFileType = sourcecode.c.objc; path = AftersalesProgressTableViewController.m; sourceTree = "<group>"; };
		69BDBEF71ED55FA9001EDB87 /* AftersalesProgressOrderStateTableViewCell.h */ = {isa = PBXFileReference; fileEncoding = 4; lastKnownFileType = sourcecode.c.h; path = AftersalesProgressOrderStateTableViewCell.h; sourceTree = "<group>"; };
		69BDBEF81ED55FA9001EDB87 /* AftersalesProgressOrderStateTableViewCell.m */ = {isa = PBXFileReference; fileEncoding = 4; lastKnownFileType = sourcecode.c.objc; path = AftersalesProgressOrderStateTableViewCell.m; sourceTree = "<group>"; };
		69BDBEFA1ED56A19001EDB87 /* WriteShipOrderViewController.h */ = {isa = PBXFileReference; fileEncoding = 4; lastKnownFileType = sourcecode.c.h; path = WriteShipOrderViewController.h; sourceTree = "<group>"; };
		69BDBEFB1ED56A19001EDB87 /* WriteShipOrderViewController.m */ = {isa = PBXFileReference; fileEncoding = 4; lastKnownFileType = sourcecode.c.objc; path = WriteShipOrderViewController.m; sourceTree = "<group>"; };
		69BDBEFE1ED56B8A001EDB87 /* WriteShipOrderTableViewCell.h */ = {isa = PBXFileReference; fileEncoding = 4; lastKnownFileType = sourcecode.c.h; path = WriteShipOrderTableViewCell.h; sourceTree = "<group>"; };
		69BDBEFF1ED56B8A001EDB87 /* WriteShipOrderTableViewCell.m */ = {isa = PBXFileReference; fileEncoding = 4; lastKnownFileType = sourcecode.c.objc; path = WriteShipOrderTableViewCell.m; sourceTree = "<group>"; };
		69BDBF011ED5729C001EDB87 /* DeliveryCompanyPickerViewController.h */ = {isa = PBXFileReference; fileEncoding = 4; lastKnownFileType = sourcecode.c.h; path = DeliveryCompanyPickerViewController.h; sourceTree = "<group>"; };
		69BDBF021ED5729C001EDB87 /* DeliveryCompanyPickerViewController.m */ = {isa = PBXFileReference; fileEncoding = 4; lastKnownFileType = sourcecode.c.objc; path = DeliveryCompanyPickerViewController.m; sourceTree = "<group>"; };
		69BDBF091ED5808D001EDB87 /* DeliveryCompanyPickerCollectionViewCell.h */ = {isa = PBXFileReference; fileEncoding = 4; lastKnownFileType = sourcecode.c.h; path = DeliveryCompanyPickerCollectionViewCell.h; sourceTree = "<group>"; };
		69BDBF0A1ED5808D001EDB87 /* DeliveryCompanyPickerCollectionViewCell.m */ = {isa = PBXFileReference; fileEncoding = 4; lastKnownFileType = sourcecode.c.objc; path = DeliveryCompanyPickerCollectionViewCell.m; sourceTree = "<group>"; };
		69BDBF0C1ED67EC4001EDB87 /* UICollectionView+IndexPathInTableView.h */ = {isa = PBXFileReference; fileEncoding = 4; lastKnownFileType = sourcecode.c.h; path = "UICollectionView+IndexPathInTableView.h"; sourceTree = "<group>"; };
		69BDBF0D1ED67EC4001EDB87 /* UICollectionView+IndexPathInTableView.m */ = {isa = PBXFileReference; fileEncoding = 4; lastKnownFileType = sourcecode.c.objc; path = "UICollectionView+IndexPathInTableView.m"; sourceTree = "<group>"; };
		69BDBF131ED6AA2F001EDB87 /* HubView.h */ = {isa = PBXFileReference; fileEncoding = 4; lastKnownFileType = sourcecode.c.h; path = HubView.h; sourceTree = "<group>"; };
		69BDBF141ED6AA2F001EDB87 /* HubView.m */ = {isa = PBXFileReference; fileEncoding = 4; lastKnownFileType = sourcecode.c.objc; path = HubView.m; sourceTree = "<group>"; };
		69BDBF191ED6C508001EDB87 /* Base */ = {isa = PBXFileReference; lastKnownFileType = folder.assetcatalog; name = Base; path = Base.lproj/Assets.xcassets; sourceTree = "<group>"; };
		69BDBF1E1ED6CBEE001EDB87 /* OrderDetailTableViewController.h */ = {isa = PBXFileReference; fileEncoding = 4; lastKnownFileType = sourcecode.c.h; path = OrderDetailTableViewController.h; sourceTree = "<group>"; };
		69BDBF1F1ED6CBEE001EDB87 /* OrderDetailTableViewController.m */ = {isa = PBXFileReference; fileEncoding = 4; lastKnownFileType = sourcecode.c.objc; path = OrderDetailTableViewController.m; sourceTree = "<group>"; };
		69F6527F1ED809D2009F02D2 /* SegmentView.h */ = {isa = PBXFileReference; fileEncoding = 4; lastKnownFileType = sourcecode.c.h; path = SegmentView.h; sourceTree = "<group>"; };
		69F652801ED809D2009F02D2 /* SegmentView.m */ = {isa = PBXFileReference; fileEncoding = 4; lastKnownFileType = sourcecode.c.objc; path = SegmentView.m; sourceTree = "<group>"; };
/* End PBXFileReference section */

/* Begin PBXFrameworksBuildPhase section */
		69BB0B141ECA91470092A5AB /* Frameworks */ = {
			isa = PBXFrameworksBuildPhase;
			buildActionMask = 2147483647;
			files = (
			);
			runOnlyForDeploymentPostprocessing = 0;
		};
		69BB0B2D1ECA91480092A5AB /* Frameworks */ = {
			isa = PBXFrameworksBuildPhase;
			buildActionMask = 2147483647;
			files = (
			);
			runOnlyForDeploymentPostprocessing = 0;
		};
		69BB0B381ECA91480092A5AB /* Frameworks */ = {
			isa = PBXFrameworksBuildPhase;
			buildActionMask = 2147483647;
			files = (
			);
			runOnlyForDeploymentPostprocessing = 0;
		};
/* End PBXFrameworksBuildPhase section */

/* Begin PBXGroup section */
		69BB0B0E1ECA91470092A5AB = {
			isa = PBXGroup;
			children = (
				69BB0B191ECA91470092A5AB /* MobileVSP */,
				69BB0B331ECA91480092A5AB /* MobileVSPTests */,
				69BB0B3E1ECA91480092A5AB /* MobileVSPUITests */,
				69BB0B181ECA91470092A5AB /* Products */,
			);
			sourceTree = "<group>";
		};
		69BB0B181ECA91470092A5AB /* Products */ = {
			isa = PBXGroup;
			children = (
				69BB0B171ECA91470092A5AB /* MobileVSP.app */,
				69BB0B301ECA91480092A5AB /* MobileVSPTests.xctest */,
				69BB0B3B1ECA91480092A5AB /* MobileVSPUITests.xctest */,
			);
			name = Products;
			sourceTree = "<group>";
		};
		69BB0B191ECA91470092A5AB /* MobileVSP */ = {
			isa = PBXGroup;
			children = (
				69BB0B1D1ECA91470092A5AB /* AppDelegate.h */,
				69BB0B1E1ECA91470092A5AB /* AppDelegate.m */,
				69BB0B201ECA91470092A5AB /* ViewController.h */,
				69BB0B211ECA91470092A5AB /* ViewController.m */,
				69BB0B611ECBFA630092A5AB /* ViewControllers */,
				69BB0B601ECBFA440092A5AB /* Views */,
				69BDBF171ED6B89F001EDB87 /* Utils */,
				69BB0B231ECA91480092A5AB /* Main.storyboard */,
				69BB0B281ECA91480092A5AB /* LaunchScreen.storyboard */,
				69BDBF181ED6C508001EDB87 /* Assets.xcassets */,
				69BB0B2B1ECA91480092A5AB /* Info.plist */,
				69BB0B1A1ECA91470092A5AB /* Supporting Files */,
			);
			path = MobileVSP;
			sourceTree = "<group>";
		};
		69BB0B1A1ECA91470092A5AB /* Supporting Files */ = {
			isa = PBXGroup;
			children = (
				69BB0B1B1ECA91470092A5AB /* main.m */,
			);
			name = "Supporting Files";
			sourceTree = "<group>";
		};
		69BB0B331ECA91480092A5AB /* MobileVSPTests */ = {
			isa = PBXGroup;
			children = (
				69BB0B341ECA91480092A5AB /* MobileVSPTests.m */,
				69BB0B361ECA91480092A5AB /* Info.plist */,
			);
			path = MobileVSPTests;
			sourceTree = "<group>";
		};
		69BB0B3E1ECA91480092A5AB /* MobileVSPUITests */ = {
			isa = PBXGroup;
			children = (
				69BB0B3F1ECA91480092A5AB /* MobileVSPUITests.m */,
				69BB0B411ECA91480092A5AB /* Info.plist */,
			);
			path = MobileVSPUITests;
			sourceTree = "<group>";
		};
		69BB0B5C1ECBEDDA0092A5AB /* Search Views */ = {
			isa = PBXGroup;
			children = (
				69BB0B501ECAA1A10092A5AB /* SearchTableViewCell.h */,
				69BB0B511ECAA1A10092A5AB /* SearchTableViewCell.m */,
				69BB0B531ECAD6B50092A5AB /* InfoTableViewCell.h */,
				69BB0B541ECAD6B50092A5AB /* InfoTableViewCell.m */,
				69BB0B591ECB2CCA0092A5AB /* SearchView.h */,
				69BB0B5A1ECB2CCA0092A5AB /* SearchView.m */,
				69BB0B5D1ECBEE210092A5AB /* ApplyButton.h */,
				69BB0B5E1ECBEE210092A5AB /* ApplyButton.m */,
			);
			name = "Search Views";
			sourceTree = "<group>";
		};
		69BB0B601ECBFA440092A5AB /* Views */ = {
			isa = PBXGroup;
			children = (
				69BDBF211ED7C17A001EDB87 /* SegmentView */,
				69BDBF121ED6A9FC001EDB87 /* Heads-up View */,
				69BDBF081ED5805A001EDB87 /* DeliveryCompanyPickerViews */,
				69BDBEFD1ED56B4B001EDB87 /* WriteShipOrderViews */,
				69BDBEF61ED55F41001EDB87 /* AftersalesProgressViews */,
				69BB0B731ECC79220092A5AB /* ProgressQueryViews */,
				69BB0B661ECC1F210092A5AB /* AftersalesApplyViews */,
				69BB0B5C1ECBEDDA0092A5AB /* Search Views */,
			);
			name = Views;
			sourceTree = "<group>";
		};
		69BB0B611ECBFA630092A5AB /* ViewControllers */ = {
			isa = PBXGroup;
			children = (
				69BB0B4D1ECA93F40092A5AB /* SearchViewController.h */,
				69BB0B4E1ECA93F40092A5AB /* SearchViewController.m */,
				69BB0B671ECC1F6F0092A5AB /* AftersalesApplyViewController.h */,
				69BB0B681ECC1F6F0092A5AB /* AftersalesApplyViewController.m */,
				69BB0B701ECC727D0092A5AB /* ProgressQueryViewController.h */,
				69BB0B711ECC727D0092A5AB /* ProgressQueryViewController.m */,
				69BDBEEF1ED52FB9001EDB87 /* RefundDetailTableViewController.h */,
				69BDBEF01ED52FB9001EDB87 /* RefundDetailTableViewController.m */,
				69BDBEF21ED54B08001EDB87 /* AftersalesProgressTableViewController.h */,
				69BDBEF31ED54B08001EDB87 /* AftersalesProgressTableViewController.m */,
				69BDBEFA1ED56A19001EDB87 /* WriteShipOrderViewController.h */,
				69BDBEFB1ED56A19001EDB87 /* WriteShipOrderViewController.m */,
				69BDBF011ED5729C001EDB87 /* DeliveryCompanyPickerViewController.h */,
				69BDBF021ED5729C001EDB87 /* DeliveryCompanyPickerViewController.m */,
				69BDBF1E1ED6CBEE001EDB87 /* OrderDetailTableViewController.h */,
				69BDBF1F1ED6CBEE001EDB87 /* OrderDetailTableViewController.m */,
			);
			name = ViewControllers;
			sourceTree = "<group>";
		};
		69BB0B661ECC1F210092A5AB /* AftersalesApplyViews */ = {
			isa = PBXGroup;
			children = (
				69BDBEE31ED3CB24001EDB87 /* TableViewCell */,
				69BDBEE51ED3CB40001EDB87 /* CollectionViewCell */,
			);
			name = AftersalesApplyViews;
			sourceTree = "<group>";
		};
		69BB0B731ECC79220092A5AB /* ProgressQueryViews */ = {
			isa = PBXGroup;
			children = (
				69BB0B771ECC7AB50092A5AB /* OrderIdTableViewCell.h */,
				69BB0B781ECC7AB50092A5AB /* OrderIdTableViewCell.m */,
				69BB0B7A1ECC7AD50092A5AB /* OrderStateTableViewCell.h */,
				69BB0B7B1ECC7AD50092A5AB /* OrderStateTableViewCell.m */,
				69BB0B7D1ECC7AF40092A5AB /* ProductInfoTableViewCell.h */,
				69BB0B7E1ECC7AF40092A5AB /* ProductInfoTableViewCell.m */,
				69BB0B741ECC79850092A5AB /* StateButtonsTableViewCell.h */,
				69BB0B751ECC79850092A5AB /* StateButtonsTableViewCell.m */,
				69BB0B801ECD89D10092A5AB /* ButtonsCollectionViewCell.h */,
				69BB0B811ECD89D10092A5AB /* ButtonsCollectionViewCell.m */,
				694C092C1ECEC0DA0091B601 /* ButtonsCollectionViewLayout.h */,
				694C092D1ECEC0DA0091B601 /* ButtonsCollectionViewLayout.m */,
				69BDBF0C1ED67EC4001EDB87 /* UICollectionView+IndexPathInTableView.h */,
				69BDBF0D1ED67EC4001EDB87 /* UICollectionView+IndexPathInTableView.m */,
			);
			name = ProgressQueryViews;
			sourceTree = "<group>";
		};
		69BDBEE31ED3CB24001EDB87 /* TableViewCell */ = {
			isa = PBXGroup;
			children = (
				69BB0B6A1ECC1FCE0092A5AB /* ServiceTypeTableViewCell.h */,
				69BB0B6B1ECC1FCE0092A5AB /* ServiceTypeTableViewCell.m */,
				69BDBEE91ED3D018001EDB87 /* PhotoPickerTableViewCell.h */,
				69BDBEEA1ED3D018001EDB87 /* PhotoPickerTableViewCell.m */,
			);
			name = TableViewCell;
			sourceTree = "<group>";
		};
		69BDBEE51ED3CB40001EDB87 /* CollectionViewCell */ = {
			isa = PBXGroup;
			children = (
				69225F1C1ED28DCE004AD51F /* PhotoCollectionViewCell.h */,
				69225F1D1ED28DCE004AD51F /* PhotoCollectionViewCell.m */,
				69225F1F1ED28EC3004AD51F /* AddButtonCollectionViewCell.h */,
				69225F201ED28EC3004AD51F /* AddButtonCollectionViewCell.m */,
				69BDBEE01ED3C67B001EDB87 /* PhotoPickerCollectionView.h */,
				69BDBEE11ED3C67B001EDB87 /* PhotoPickerCollectionView.m */,
			);
			name = CollectionViewCell;
			sourceTree = "<group>";
		};
		69BDBEF61ED55F41001EDB87 /* AftersalesProgressViews */ = {
			isa = PBXGroup;
			children = (
				69BDBEF71ED55FA9001EDB87 /* AftersalesProgressOrderStateTableViewCell.h */,
				69BDBEF81ED55FA9001EDB87 /* AftersalesProgressOrderStateTableViewCell.m */,
			);
			name = AftersalesProgressViews;
			sourceTree = "<group>";
		};
		69BDBEFD1ED56B4B001EDB87 /* WriteShipOrderViews */ = {
			isa = PBXGroup;
			children = (
				69BDBEFE1ED56B8A001EDB87 /* WriteShipOrderTableViewCell.h */,
				69BDBEFF1ED56B8A001EDB87 /* WriteShipOrderTableViewCell.m */,
			);
			name = WriteShipOrderViews;
			sourceTree = "<group>";
		};
		69BDBF081ED5805A001EDB87 /* DeliveryCompanyPickerViews */ = {
			isa = PBXGroup;
			children = (
				69BDBF091ED5808D001EDB87 /* DeliveryCompanyPickerCollectionViewCell.h */,
				69BDBF0A1ED5808D001EDB87 /* DeliveryCompanyPickerCollectionViewCell.m */,
			);
			name = DeliveryCompanyPickerViews;
			sourceTree = "<group>";
		};
		69BDBF121ED6A9FC001EDB87 /* Heads-up View */ = {
			isa = PBXGroup;
			children = (
				69BDBF131ED6AA2F001EDB87 /* HubView.h */,
				69BDBF141ED6AA2F001EDB87 /* HubView.m */,
			);
			name = "Heads-up View";
			sourceTree = "<group>";
		};
		69BDBF171ED6B89F001EDB87 /* Utils */ = {
			isa = PBXGroup;
			children = (
			);
			name = Utils;
			sourceTree = "<group>";
		};
		69BDBF211ED7C17A001EDB87 /* SegmentView */ = {
			isa = PBXGroup;
			children = (
				69F6527F1ED809D2009F02D2 /* SegmentView.h */,
				69F652801ED809D2009F02D2 /* SegmentView.m */,
			);
			name = SegmentView;
			sourceTree = "<group>";
		};
/* End PBXGroup section */

/* Begin PBXNativeTarget section */
		69BB0B161ECA91470092A5AB /* MobileVSP */ = {
			isa = PBXNativeTarget;
			buildConfigurationList = 69BB0B441ECA91480092A5AB /* Build configuration list for PBXNativeTarget "MobileVSP" */;
			buildPhases = (
				69BB0B131ECA91470092A5AB /* Sources */,
				69BB0B141ECA91470092A5AB /* Frameworks */,
				69BB0B151ECA91470092A5AB /* Resources */,
			);
			buildRules = (
			);
			dependencies = (
			);
			name = MobileVSP;
			productName = MobileVSP;
			productReference = 69BB0B171ECA91470092A5AB /* MobileVSP.app */;
			productType = "com.apple.product-type.application";
		};
		69BB0B2F1ECA91480092A5AB /* MobileVSPTests */ = {
			isa = PBXNativeTarget;
			buildConfigurationList = 69BB0B471ECA91480092A5AB /* Build configuration list for PBXNativeTarget "MobileVSPTests" */;
			buildPhases = (
				69BB0B2C1ECA91480092A5AB /* Sources */,
				69BB0B2D1ECA91480092A5AB /* Frameworks */,
				69BB0B2E1ECA91480092A5AB /* Resources */,
			);
			buildRules = (
			);
			dependencies = (
				69BB0B321ECA91480092A5AB /* PBXTargetDependency */,
			);
			name = MobileVSPTests;
			productName = MobileVSPTests;
			productReference = 69BB0B301ECA91480092A5AB /* MobileVSPTests.xctest */;
			productType = "com.apple.product-type.bundle.unit-test";
		};
		69BB0B3A1ECA91480092A5AB /* MobileVSPUITests */ = {
			isa = PBXNativeTarget;
			buildConfigurationList = 69BB0B4A1ECA91480092A5AB /* Build configuration list for PBXNativeTarget "MobileVSPUITests" */;
			buildPhases = (
				69BB0B371ECA91480092A5AB /* Sources */,
				69BB0B381ECA91480092A5AB /* Frameworks */,
				69BB0B391ECA91480092A5AB /* Resources */,
			);
			buildRules = (
			);
			dependencies = (
				69BB0B3D1ECA91480092A5AB /* PBXTargetDependency */,
			);
			name = MobileVSPUITests;
			productName = MobileVSPUITests;
			productReference = 69BB0B3B1ECA91480092A5AB /* MobileVSPUITests.xctest */;
			productType = "com.apple.product-type.bundle.ui-testing";
		};
/* End PBXNativeTarget section */

/* Begin PBXProject section */
		69BB0B0F1ECA91470092A5AB /* Project object */ = {
			isa = PBXProject;
			attributes = {
				LastUpgradeCheck = 0830;
				ORGANIZATIONNAME = FighterRay;
				TargetAttributes = {
					69BB0B161ECA91470092A5AB = {
						CreatedOnToolsVersion = 8.3.2;
						DevelopmentTeam = HPM8HVK7C6;
						ProvisioningStyle = Automatic;
					};
					69BB0B2F1ECA91480092A5AB = {
						CreatedOnToolsVersion = 8.3.2;
						DevelopmentTeam = 777RZL5E43;
						ProvisioningStyle = Automatic;
						TestTargetID = 69BB0B161ECA91470092A5AB;
					};
					69BB0B3A1ECA91480092A5AB = {
						CreatedOnToolsVersion = 8.3.2;
						DevelopmentTeam = 777RZL5E43;
						ProvisioningStyle = Automatic;
						TestTargetID = 69BB0B161ECA91470092A5AB;
					};
				};
			};
			buildConfigurationList = 69BB0B121ECA91470092A5AB /* Build configuration list for PBXProject "MobileVSP" */;
			compatibilityVersion = "Xcode 3.2";
			developmentRegion = English;
			hasScannedForEncodings = 0;
			knownRegions = (
				en,
				Base,
			);
			mainGroup = 69BB0B0E1ECA91470092A5AB;
			productRefGroup = 69BB0B181ECA91470092A5AB /* Products */;
			projectDirPath = "";
			projectRoot = "";
			targets = (
				69BB0B161ECA91470092A5AB /* MobileVSP */,
				69BB0B2F1ECA91480092A5AB /* MobileVSPTests */,
				69BB0B3A1ECA91480092A5AB /* MobileVSPUITests */,
			);
		};
/* End PBXProject section */

/* Begin PBXResourcesBuildPhase section */
		69BB0B151ECA91470092A5AB /* Resources */ = {
			isa = PBXResourcesBuildPhase;
			buildActionMask = 2147483647;
			files = (
				69BB0B2A1ECA91480092A5AB /* LaunchScreen.storyboard in Resources */,
				69BDBF1A1ED6C508001EDB87 /* Assets.xcassets in Resources */,
				69BB0B251ECA91480092A5AB /* Main.storyboard in Resources */,
			);
			runOnlyForDeploymentPostprocessing = 0;
		};
		69BB0B2E1ECA91480092A5AB /* Resources */ = {
			isa = PBXResourcesBuildPhase;
			buildActionMask = 2147483647;
			files = (
			);
			runOnlyForDeploymentPostprocessing = 0;
		};
		69BB0B391ECA91480092A5AB /* Resources */ = {
			isa = PBXResourcesBuildPhase;
			buildActionMask = 2147483647;
			files = (
			);
			runOnlyForDeploymentPostprocessing = 0;
		};
/* End PBXResourcesBuildPhase section */

/* Begin PBXSourcesBuildPhase section */
		69BB0B131ECA91470092A5AB /* Sources */ = {
			isa = PBXSourcesBuildPhase;
			buildActionMask = 2147483647;
			files = (
				69BB0B221ECA91470092A5AB /* ViewController.m in Sources */,
				69BDBEE21ED3C67B001EDB87 /* PhotoPickerCollectionView.m in Sources */,
				69225F1E1ED28DCE004AD51F /* PhotoCollectionViewCell.m in Sources */,
				69BB0B791ECC7AB50092A5AB /* OrderIdTableViewCell.m in Sources */,
				69BDBF0B1ED5808D001EDB87 /* DeliveryCompanyPickerCollectionViewCell.m in Sources */,
				69BB0B691ECC1F6F0092A5AB /* AftersalesApplyViewController.m in Sources */,
				69BB0B721ECC727D0092A5AB /* ProgressQueryViewController.m in Sources */,
				69BDBF001ED56B8A001EDB87 /* WriteShipOrderTableViewCell.m in Sources */,
				69BB0B1F1ECA91470092A5AB /* AppDelegate.m in Sources */,
				69BB0B5F1ECBEE210092A5AB /* ApplyButton.m in Sources */,
				69BDBF031ED5729C001EDB87 /* DeliveryCompanyPickerViewController.m in Sources */,
				69BB0B761ECC79850092A5AB /* StateButtonsTableViewCell.m in Sources */,
				69BB0B4F1ECA93F40092A5AB /* SearchViewController.m in Sources */,
				69BB0B7F1ECC7AF40092A5AB /* ProductInfoTableViewCell.m in Sources */,
				69BDBF151ED6AA2F001EDB87 /* HubView.m in Sources */,
				69BB0B7C1ECC7AD50092A5AB /* OrderStateTableViewCell.m in Sources */,
				69BDBF0E1ED67EC4001EDB87 /* UICollectionView+IndexPathInTableView.m in Sources */,
				69BDBEFC1ED56A19001EDB87 /* WriteShipOrderViewController.m in Sources */,
				694C092E1ECEC0DA0091B601 /* ButtonsCollectionViewLayout.m in Sources */,
				69BDBEF91ED55FA9001EDB87 /* AftersalesProgressOrderStateTableViewCell.m in Sources */,
				69BDBEF41ED54B08001EDB87 /* AftersalesProgressTableViewController.m in Sources */,
				69BB0B6C1ECC1FCE0092A5AB /* ServiceTypeTableViewCell.m in Sources */,
				69F652811ED809D2009F02D2 /* SegmentView.m in Sources */,
				69BDBEF11ED52FB9001EDB87 /* RefundDetailTableViewController.m in Sources */,
				69BB0B5B1ECB2CCA0092A5AB /* SearchView.m in Sources */,
				69BDBF201ED6CBEE001EDB87 /* OrderDetailTableViewController.m in Sources */,
				69BB0B821ECD89D10092A5AB /* ButtonsCollectionViewCell.m in Sources */,
				69BB0B551ECAD6B50092A5AB /* InfoTableViewCell.m in Sources */,
				69BDBEEB1ED3D018001EDB87 /* PhotoPickerTableViewCell.m in Sources */,
				69BB0B1C1ECA91470092A5AB /* main.m in Sources */,
				69BB0B521ECAA1A10092A5AB /* SearchTableViewCell.m in Sources */,
				69225F211ED28EC3004AD51F /* AddButtonCollectionViewCell.m in Sources */,
			);
			runOnlyForDeploymentPostprocessing = 0;
		};
		69BB0B2C1ECA91480092A5AB /* Sources */ = {
			isa = PBXSourcesBuildPhase;
			buildActionMask = 2147483647;
			files = (
				69BB0B351ECA91480092A5AB /* MobileVSPTests.m in Sources */,
			);
			runOnlyForDeploymentPostprocessing = 0;
		};
		69BB0B371ECA91480092A5AB /* Sources */ = {
			isa = PBXSourcesBuildPhase;
			buildActionMask = 2147483647;
			files = (
				69BB0B401ECA91480092A5AB /* MobileVSPUITests.m in Sources */,
			);
			runOnlyForDeploymentPostprocessing = 0;
		};
/* End PBXSourcesBuildPhase section */

/* Begin PBXTargetDependency section */
		69BB0B321ECA91480092A5AB /* PBXTargetDependency */ = {
			isa = PBXTargetDependency;
			target = 69BB0B161ECA91470092A5AB /* MobileVSP */;
			targetProxy = 69BB0B311ECA91480092A5AB /* PBXContainerItemProxy */;
		};
		69BB0B3D1ECA91480092A5AB /* PBXTargetDependency */ = {
			isa = PBXTargetDependency;
			target = 69BB0B161ECA91470092A5AB /* MobileVSP */;
			targetProxy = 69BB0B3C1ECA91480092A5AB /* PBXContainerItemProxy */;
		};
/* End PBXTargetDependency section */

/* Begin PBXVariantGroup section */
		69BB0B231ECA91480092A5AB /* Main.storyboard */ = {
			isa = PBXVariantGroup;
			children = (
				69BB0B241ECA91480092A5AB /* Base */,
			);
			name = Main.storyboard;
			sourceTree = "<group>";
		};
		69BB0B281ECA91480092A5AB /* LaunchScreen.storyboard */ = {
			isa = PBXVariantGroup;
			children = (
				69BB0B291ECA91480092A5AB /* Base */,
			);
			name = LaunchScreen.storyboard;
			sourceTree = "<group>";
		};
		69BDBF181ED6C508001EDB87 /* Assets.xcassets */ = {
			isa = PBXVariantGroup;
			children = (
				69BDBF191ED6C508001EDB87 /* Base */,
			);
			name = Assets.xcassets;
			sourceTree = "<group>";
		};
/* End PBXVariantGroup section */

/* Begin XCBuildConfiguration section */
		69BB0B421ECA91480092A5AB /* Debug */ = {
			isa = XCBuildConfiguration;
			buildSettings = {
				ALWAYS_SEARCH_USER_PATHS = NO;
				CLANG_ANALYZER_NONNULL = YES;
				CLANG_ANALYZER_NUMBER_OBJECT_CONVERSION = YES_AGGRESSIVE;
				CLANG_CXX_LANGUAGE_STANDARD = "gnu++0x";
				CLANG_CXX_LIBRARY = "libc++";
				CLANG_ENABLE_MODULES = YES;
				CLANG_ENABLE_OBJC_ARC = YES;
				CLANG_WARN_BOOL_CONVERSION = YES;
				CLANG_WARN_CONSTANT_CONVERSION = YES;
				CLANG_WARN_DIRECT_OBJC_ISA_USAGE = YES_ERROR;
				CLANG_WARN_DOCUMENTATION_COMMENTS = YES;
				CLANG_WARN_EMPTY_BODY = YES;
				CLANG_WARN_ENUM_CONVERSION = YES;
				CLANG_WARN_INFINITE_RECURSION = YES;
				CLANG_WARN_INT_CONVERSION = YES;
				CLANG_WARN_OBJC_ROOT_CLASS = YES_ERROR;
				CLANG_WARN_SUSPICIOUS_MOVE = YES;
				CLANG_WARN_UNREACHABLE_CODE = YES;
				CLANG_WARN__DUPLICATE_METHOD_MATCH = YES;
				"CODE_SIGN_IDENTITY[sdk=iphoneos*]" = "iPhone Developer";
				COPY_PHASE_STRIP = NO;
				DEBUG_INFORMATION_FORMAT = dwarf;
				ENABLE_STRICT_OBJC_MSGSEND = YES;
				ENABLE_TESTABILITY = YES;
				GCC_C_LANGUAGE_STANDARD = gnu99;
				GCC_DYNAMIC_NO_PIC = NO;
				GCC_NO_COMMON_BLOCKS = YES;
				GCC_OPTIMIZATION_LEVEL = 0;
				GCC_PREPROCESSOR_DEFINITIONS = (
					"DEBUG=1",
					"$(inherited)",
				);
				GCC_WARN_64_TO_32_BIT_CONVERSION = YES;
				GCC_WARN_ABOUT_RETURN_TYPE = YES_ERROR;
				GCC_WARN_UNDECLARED_SELECTOR = YES;
				GCC_WARN_UNINITIALIZED_AUTOS = YES_AGGRESSIVE;
				GCC_WARN_UNUSED_FUNCTION = YES;
				GCC_WARN_UNUSED_VARIABLE = YES;
				IPHONEOS_DEPLOYMENT_TARGET = 10.3;
				MTL_ENABLE_DEBUG_INFO = YES;
				ONLY_ACTIVE_ARCH = YES;
				SDKROOT = iphoneos;
				TARGETED_DEVICE_FAMILY = "1,2";
			};
			name = Debug;
		};
		69BB0B431ECA91480092A5AB /* Release */ = {
			isa = XCBuildConfiguration;
			buildSettings = {
				ALWAYS_SEARCH_USER_PATHS = NO;
				CLANG_ANALYZER_NONNULL = YES;
				CLANG_ANALYZER_NUMBER_OBJECT_CONVERSION = YES_AGGRESSIVE;
				CLANG_CXX_LANGUAGE_STANDARD = "gnu++0x";
				CLANG_CXX_LIBRARY = "libc++";
				CLANG_ENABLE_MODULES = YES;
				CLANG_ENABLE_OBJC_ARC = YES;
				CLANG_WARN_BOOL_CONVERSION = YES;
				CLANG_WARN_CONSTANT_CONVERSION = YES;
				CLANG_WARN_DIRECT_OBJC_ISA_USAGE = YES_ERROR;
				CLANG_WARN_DOCUMENTATION_COMMENTS = YES;
				CLANG_WARN_EMPTY_BODY = YES;
				CLANG_WARN_ENUM_CONVERSION = YES;
				CLANG_WARN_INFINITE_RECURSION = YES;
				CLANG_WARN_INT_CONVERSION = YES;
				CLANG_WARN_OBJC_ROOT_CLASS = YES_ERROR;
				CLANG_WARN_SUSPICIOUS_MOVE = YES;
				CLANG_WARN_UNREACHABLE_CODE = YES;
				CLANG_WARN__DUPLICATE_METHOD_MATCH = YES;
				"CODE_SIGN_IDENTITY[sdk=iphoneos*]" = "iPhone Developer";
				COPY_PHASE_STRIP = NO;
				DEBUG_INFORMATION_FORMAT = "dwarf-with-dsym";
				ENABLE_NS_ASSERTIONS = NO;
				ENABLE_STRICT_OBJC_MSGSEND = YES;
				GCC_C_LANGUAGE_STANDARD = gnu99;
				GCC_NO_COMMON_BLOCKS = YES;
				GCC_WARN_64_TO_32_BIT_CONVERSION = YES;
				GCC_WARN_ABOUT_RETURN_TYPE = YES_ERROR;
				GCC_WARN_UNDECLARED_SELECTOR = YES;
				GCC_WARN_UNINITIALIZED_AUTOS = YES_AGGRESSIVE;
				GCC_WARN_UNUSED_FUNCTION = YES;
				GCC_WARN_UNUSED_VARIABLE = YES;
				IPHONEOS_DEPLOYMENT_TARGET = 10.3;
				MTL_ENABLE_DEBUG_INFO = NO;
				SDKROOT = iphoneos;
				TARGETED_DEVICE_FAMILY = "1,2";
				VALIDATE_PRODUCT = YES;
			};
			name = Release;
		};
		69BB0B451ECA91480092A5AB /* Debug */ = {
			isa = XCBuildConfiguration;
			buildSettings = {
				ASSETCATALOG_COMPILER_APPICON_NAME = AppIcon;
				DEVELOPMENT_TEAM = HPM8HVK7C6;
				INFOPLIST_FILE = MobileVSP/Info.plist;
				LD_RUNPATH_SEARCH_PATHS = "$(inherited) @executable_path/Frameworks";
				PRODUCT_BUNDLE_IDENTIFIER = ml.fighterray.MobileVSP;
				PRODUCT_NAME = "$(TARGET_NAME)";
			};
			name = Debug;
		};
		69BB0B461ECA91480092A5AB /* Release */ = {
			isa = XCBuildConfiguration;
			buildSettings = {
				ASSETCATALOG_COMPILER_APPICON_NAME = AppIcon;
				DEVELOPMENT_TEAM = HPM8HVK7C6;
				INFOPLIST_FILE = MobileVSP/Info.plist;
				LD_RUNPATH_SEARCH_PATHS = "$(inherited) @executable_path/Frameworks";
				PRODUCT_BUNDLE_IDENTIFIER = ml.fighterray.MobileVSP;
				PRODUCT_NAME = "$(TARGET_NAME)";
			};
			name = Release;
		};
		69BB0B481ECA91480092A5AB /* Debug */ = {
			isa = XCBuildConfiguration;
			buildSettings = {
				BUNDLE_LOADER = "$(TEST_HOST)";
				DEVELOPMENT_TEAM = 777RZL5E43;
				INFOPLIST_FILE = MobileVSPTests/Info.plist;
				LD_RUNPATH_SEARCH_PATHS = "$(inherited) @executable_path/Frameworks @loader_path/Frameworks";
				PRODUCT_BUNDLE_IDENTIFIER = ml.fighterray.MobileVSPTests;
				PRODUCT_NAME = "$(TARGET_NAME)";
				TEST_HOST = "$(BUILT_PRODUCTS_DIR)/MobileVSP.app/MobileVSP";
			};
			name = Debug;
		};
		69BB0B491ECA91480092A5AB /* Release */ = {
			isa = XCBuildConfiguration;
			buildSettings = {
				BUNDLE_LOADER = "$(TEST_HOST)";
				DEVELOPMENT_TEAM = 777RZL5E43;
				INFOPLIST_FILE = MobileVSPTests/Info.plist;
				LD_RUNPATH_SEARCH_PATHS = "$(inherited) @executable_path/Frameworks @loader_path/Frameworks";
				PRODUCT_BUNDLE_IDENTIFIER = ml.fighterray.MobileVSPTests;
				PRODUCT_NAME = "$(TARGET_NAME)";
				TEST_HOST = "$(BUILT_PRODUCTS_DIR)/MobileVSP.app/MobileVSP";
			};
			name = Release;
		};
		69BB0B4B1ECA91480092A5AB /* Debug */ = {
			isa = XCBuildConfiguration;
			buildSettings = {
				DEVELOPMENT_TEAM = 777RZL5E43;
				INFOPLIST_FILE = MobileVSPUITests/Info.plist;
				LD_RUNPATH_SEARCH_PATHS = "$(inherited) @executable_path/Frameworks @loader_path/Frameworks";
				PRODUCT_BUNDLE_IDENTIFIER = ml.fighterray.MobileVSPUITests;
				PRODUCT_NAME = "$(TARGET_NAME)";
				TEST_TARGET_NAME = MobileVSP;
			};
			name = Debug;
		};
		69BB0B4C1ECA91480092A5AB /* Release */ = {
			isa = XCBuildConfiguration;
			buildSettings = {
				DEVELOPMENT_TEAM = 777RZL5E43;
				INFOPLIST_FILE = MobileVSPUITests/Info.plist;
				LD_RUNPATH_SEARCH_PATHS = "$(inherited) @executable_path/Frameworks @loader_path/Frameworks";
				PRODUCT_BUNDLE_IDENTIFIER = ml.fighterray.MobileVSPUITests;
				PRODUCT_NAME = "$(TARGET_NAME)";
				TEST_TARGET_NAME = MobileVSP;
			};
			name = Release;
		};
/* End XCBuildConfiguration section */

/* Begin XCConfigurationList section */
		69BB0B121ECA91470092A5AB /* Build configuration list for PBXProject "MobileVSP" */ = {
			isa = XCConfigurationList;
			buildConfigurations = (
				69BB0B421ECA91480092A5AB /* Debug */,
				69BB0B431ECA91480092A5AB /* Release */,
			);
			defaultConfigurationIsVisible = 0;
			defaultConfigurationName = Release;
		};
		69BB0B441ECA91480092A5AB /* Build configuration list for PBXNativeTarget "MobileVSP" */ = {
			isa = XCConfigurationList;
			buildConfigurations = (
				69BB0B451ECA91480092A5AB /* Debug */,
				69BB0B461ECA91480092A5AB /* Release */,
			);
			defaultConfigurationIsVisible = 0;
			defaultConfigurationName = Release;
		};
		69BB0B471ECA91480092A5AB /* Build configuration list for PBXNativeTarget "MobileVSPTests" */ = {
			isa = XCConfigurationList;
			buildConfigurations = (
				69BB0B481ECA91480092A5AB /* Debug */,
				69BB0B491ECA91480092A5AB /* Release */,
			);
			defaultConfigurationIsVisible = 0;
			defaultConfigurationName = Release;
		};
		69BB0B4A1ECA91480092A5AB /* Build configuration list for PBXNativeTarget "MobileVSPUITests" */ = {
			isa = XCConfigurationList;
			buildConfigurations = (
				69BB0B4B1ECA91480092A5AB /* Debug */,
				69BB0B4C1ECA91480092A5AB /* Release */,
			);
			defaultConfigurationIsVisible = 0;
			defaultConfigurationName = Release;
		};
/* End XCConfigurationList section */
	};
	rootObject = 69BB0B0F1ECA91470092A5AB /* Project object */;
}
